
Microsoft Visual Studio Solution File, Format Version 12.00
# Visual Studio Version 17
VisualStudioVersion = 17.4.33205.214
MinimumVisualStudioVersion = 10.0.40219.1
Project("{9A19103F-16F7-4668-BE54-9A1E7A4F7556}") = "JobPortalMud.Server", "JobPortalMud\Server\JobPortalMud.Server.csproj", "{5AC8C621-BC2C-4C64-8242-4161EABC4721}"
EndProject
Project("{9A19103F-16F7-4668-BE54-9A1E7A4F7556}") = "JobPortalMud.Client", "JobPortalMud\Client\JobPortalMud.Client.csproj", "{2F8950D4-C40A-4329-9545-768441968FF7}"
EndProject
Project("{9A19103F-16F7-4668-BE54-9A1E7A4F7556}") = "JobPortalMud.Shared", "JobPortalMud\Shared\JobPortalMud.Shared.csproj", "{1DC2F738-539D-4DD1-B550-788C82FFCA23}"
EndProject
Global
	GlobalSection(SolutionConfigurationPlatforms) = preSolution
		Debug|Any CPU = Debug|Any CPU
		Release|Any CPU = Release|Any CPU
	EndGlobalSection
	GlobalSection(ProjectConfigurationPlatforms) = postSolution
		{5AC8C621-BC2C-4C64-8242-4161EABC4721}.Debug|Any CPU.ActiveCfg = Debug|Any CPU
		{5AC8C621-BC2C-4C64-8242-4161EABC4721}.Debug|Any CPU.Build.0 = Debug|Any CPU
		{5AC8C621-BC2C-4C64-8242-4161EABC4721}.Release|Any CPU.ActiveCfg = Release|Any CPU
		{5AC8C621-BC2C-4C64-8242-4161EABC4721}.Release|Any CPU.Build.0 = Release|Any CPU
		{2F8950D4-C40A-4329-9545-768441968FF7}.Debug|Any CPU.ActiveCfg = Debug|Any CPU
		{2F8950D4-C40A-4329-9545-768441968FF7}.Debug|Any CPU.Build.0 = Debug|Any CPU
		{2F8950D4-C40A-4329-9545-768441968FF7}.Release|Any CPU.ActiveCfg = Release|Any CPU
		{2F8950D4-C40A-4329-9545-768441968FF7}.Release|Any CPU.Build.0 = Release|Any CPU
		{1DC2F738-539D-4DD1-B550-788C82FFCA23}.Debug|Any CPU.ActiveCfg = Debug|Any CPU
		{1DC2F738-539D-4DD1-B550-788C82FFCA23}.Debug|Any CPU.Build.0 = Debug|Any CPU
		{1DC2F738-539D-4DD1-B550-788C82FFCA23}.Release|Any CPU.ActiveCfg = Release|Any CPU
		{1DC2F738-539D-4DD1-B550-788C82FFCA23}.Release|Any CPU.Build.0 = Release|Any CPU
	EndGlobalSection
	GlobalSection(SolutionProperties) = preSolution
		HideSolutionNode = FALSE
	EndGlobalSection
	GlobalSection(ExtensibilityGlobals) = postSolution
		SolutionGuid = {DBBD7D30-A18E-43D8-921F-3218349E107F}
	EndGlobalSection
EndGlobal
